
Microsoft Visual Studio Solution File, Format Version 12.00
# Visual Studio Version 16
VisualStudioVersion = 16.0.31205.134
MinimumVisualStudioVersion = 10.0.40219.1
Project("{FAE04EC0-301F-11D3-BF4B-00C04F79EFBC}") = "UnitTest", "UnitTest\UnitTest.csproj", "{72C8F502-5DFB-4997-9E79-ABA0694675D0}"
EndProject
Global
	GlobalSection(SolutionConfigurationPlatforms) = preSolution
		Debug|Any CPU = Debug|Any CPU
		Release|Any CPU = Release|Any CPU
	EndGlobalSection
	GlobalSection(ProjectConfigurationPlatforms) = postSolution
		{72C8F502-5DFB-4997-9E79-ABA0694675D0}.Debug|Any CPU.ActiveCfg = Debug|Any CPU
		{72C8F502-5DFB-4997-9E79-ABA0694675D0}.Debug|Any CPU.Build.0 = Debug|Any CPU
		{72C8F502-5DFB-4997-9E79-ABA0694675D0}.Release|Any CPU.ActiveCfg = Release|Any CPU
		{72C8F502-5DFB-4997-9E79-ABA0694675D0}.Release|Any CPU.Build.0 = Release|Any CPU
	EndGlobalSection
	GlobalSection(SolutionProperties) = preSolution
		HideSolutionNode = FALSE
	EndGlobalSection
	GlobalSection(ExtensibilityGlobals) = postSolution
		SolutionGuid = {294398B7-1B43-41F4-8D12-B92C4A084749}
	EndGlobalSection
EndGlobal
